// !$*UTF8*$!
{
	archiveVersion = 1;
	classes = {
	};
	objectVersion = 55;
	objects = {

/* Begin PBXBuildFile section */
		A65C79582799C2AF00E9A30F /* RemindersApp.swift in Sources */ = {isa = PBXBuildFile; fileRef = A65C79482799C2A800E9A30F /* RemindersApp.swift */; };
		A65C79592799C2AF00E9A30F /* RemindersApp.swift in Sources */ = {isa = PBXBuildFile; fileRef = A65C79482799C2A800E9A30F /* RemindersApp.swift */; };
		A65C795A2799C2AF00E9A30F /* ContentView.swift in Sources */ = {isa = PBXBuildFile; fileRef = A65C79492799C2A800E9A30F /* ContentView.swift */; };
		A65C795B2799C2AF00E9A30F /* ContentView.swift in Sources */ = {isa = PBXBuildFile; fileRef = A65C79492799C2A800E9A30F /* ContentView.swift */; };
		A65C795C2799C2AF00E9A30F /* Assets.xcassets in Resources */ = {isa = PBXBuildFile; fileRef = A65C794A2799C2AF00E9A30F /* Assets.xcassets */; };
		A65C795D2799C2AF00E9A30F /* Assets.xcassets in Resources */ = {isa = PBXBuildFile; fileRef = A65C794A2799C2AF00E9A30F /* Assets.xcassets */; };
		A65C79692799C32A00E9A30F /* Task.swift in Sources */ = {isa = PBXBuildFile; fileRef = A65C79682799C32A00E9A30F /* Task.swift */; };
		A65C796A2799C33F00E9A30F /* Task.swift in Sources */ = {isa = PBXBuildFile; fileRef = A65C79682799C32A00E9A30F /* Task.swift */; };
		A65C796C2799C37B00E9A30F /* TaskPriority.swift in Sources */ = {isa = PBXBuildFile; fileRef = A65C796B2799C37B00E9A30F /* TaskPriority.swift */; };
		A65C796D2799C37B00E9A30F /* TaskPriority.swift in Sources */ = {isa = PBXBuildFile; fileRef = A65C796B2799C37B00E9A30F /* TaskPriority.swift */; };
		A65C79702799C3C200E9A30F /* TaskStore.swift in Sources */ = {isa = PBXBuildFile; fileRef = A65C796F2799C3C200E9A30F /* TaskStore.swift */; };
		A65C79712799C3C200E9A30F /* TaskStore.swift in Sources */ = {isa = PBXBuildFile; fileRef = A65C796F2799C3C200E9A30F /* TaskStore.swift */; };
		A65C79762799C8A400E9A30F /* TaskCell.swift in Sources */ = {isa = PBXBuildFile; fileRef = A65C79752799C8A400E9A30F /* TaskCell.swift */; };
		A65C79772799C8A400E9A30F /* TaskCell.swift in Sources */ = {isa = PBXBuildFile; fileRef = A65C79752799C8A400E9A30F /* TaskCell.swift */; };
/* End PBXBuildFile section */

/* Begin PBXFileReference section */
		A65C79482799C2A800E9A30F /* RemindersApp.swift */ = {isa = PBXFileReference; lastKnownFileType = sourcecode.swift; path = RemindersApp.swift; sourceTree = "<group>"; };
		A65C79492799C2A800E9A30F /* ContentView.swift */ = {isa = PBXFileReference; lastKnownFileType = sourcecode.swift; path = ContentView.swift; sourceTree = "<group>"; };
		A65C794A2799C2AF00E9A30F /* Assets.xcassets */ = {isa = PBXFileReference; lastKnownFileType = folder.assetcatalog; path = Assets.xcassets; sourceTree = "<group>"; };
		A65C794F2799C2AF00E9A30F /* Reminders.app */ = {isa = PBXFileReference; explicitFileType = wrapper.application; includeInIndex = 0; path = Reminders.app; sourceTree = BUILT_PRODUCTS_DIR; };
		A65C79552799C2AF00E9A30F /* Reminders.app */ = {isa = PBXFileReference; explicitFileType = wrapper.application; includeInIndex = 0; path = Reminders.app; sourceTree = BUILT_PRODUCTS_DIR; };
		A65C79572799C2AF00E9A30F /* macOS.entitlements */ = {isa = PBXFileReference; lastKnownFileType = text.plist.entitlements; path = macOS.entitlements; sourceTree = "<group>"; };
		A65C79682799C32A00E9A30F /* Task.swift */ = {isa = PBXFileReference; lastKnownFileType = sourcecode.swift; path = Task.swift; sourceTree = "<group>"; };
		A65C796B2799C37B00E9A30F /* TaskPriority.swift */ = {isa = PBXFileReference; lastKnownFileType = sourcecode.swift; path = TaskPriority.swift; sourceTree = "<group>"; };
		A65C796F2799C3C200E9A30F /* TaskStore.swift */ = {isa = PBXFileReference; lastKnownFileType = sourcecode.swift; path = TaskStore.swift; sourceTree = "<group>"; };
		A65C79752799C8A400E9A30F /* TaskCell.swift */ = {isa = PBXFileReference; lastKnownFileType = sourcecode.swift; path = TaskCell.swift; sourceTree = "<group>"; };
/* End PBXFileReference section */

/* Begin PBXFrameworksBuildPhase section */
		A65C794C2799C2AF00E9A30F /* Frameworks */ = {
			isa = PBXFrameworksBuildPhase;
			buildActionMask = 2147483647;
			files = (
			);
			runOnlyForDeploymentPostprocessing = 0;
		};
		A65C79522799C2AF00E9A30F /* Frameworks */ = {
			isa = PBXFrameworksBuildPhase;
			buildActionMask = 2147483647;
			files = (
			);
			runOnlyForDeploymentPostprocessing = 0;
		};
/* End PBXFrameworksBuildPhase section */

/* Begin PBXGroup section */
		A65C79422799C2A700E9A30F = {
			isa = PBXGroup;
			children = (
				A65C79472799C2A800E9A30F /* Shared */,
				A65C79562799C2AF00E9A30F /* macOS */,
				A65C79502799C2AF00E9A30F /* Products */,
			);
			sourceTree = "<group>";
		};
		A65C79472799C2A800E9A30F /* Shared */ = {
			isa = PBXGroup;
			children = (
				A65C79482799C2A800E9A30F /* RemindersApp.swift */,
				A65C796E2799C3B100E9A30F /* ViewModels */,
				A65C79672799C30400E9A30F /* Views */,
				A65C79662799C2EE00E9A30F /* Models */,
				A65C794A2799C2AF00E9A30F /* Assets.xcassets */,
			);
			path = Shared;
			sourceTree = "<group>";
		};
		A65C79502799C2AF00E9A30F /* Products */ = {
			isa = PBXGroup;
			children = (
				A65C794F2799C2AF00E9A30F /* Reminders.app */,
				A65C79552799C2AF00E9A30F /* Reminders.app */,
			);
			name = Products;
			sourceTree = "<group>";
		};
		A65C79562799C2AF00E9A30F /* macOS */ = {
			isa = PBXGroup;
			children = (
				A65C79572799C2AF00E9A30F /* macOS.entitlements */,
			);
			path = macOS;
			sourceTree = "<group>";
		};
		A65C79662799C2EE00E9A30F /* Models */ = {
			isa = PBXGroup;
			children = (
				A65C79682799C32A00E9A30F /* Task.swift */,
				A65C796B2799C37B00E9A30F /* TaskPriority.swift */,
			);
			path = Models;
			sourceTree = "<group>";
		};
		A65C79672799C30400E9A30F /* Views */ = {
			isa = PBXGroup;
			children = (
				A65C79492799C2A800E9A30F /* ContentView.swift */,
				A65C79752799C8A400E9A30F /* TaskCell.swift */,
			);
			path = Views;
			sourceTree = "<group>";
		};
		A65C796E2799C3B100E9A30F /* ViewModels */ = {
			isa = PBXGroup;
			children = (
				A65C796F2799C3C200E9A30F /* TaskStore.swift */,
			);
			path = ViewModels;
			sourceTree = "<group>";
		};
/* End PBXGroup section */

/* Begin PBXNativeTarget section */
		A65C794E2799C2AF00E9A30F /* Reminders (iOS) */ = {
			isa = PBXNativeTarget;
			buildConfigurationList = A65C79602799C2AF00E9A30F /* Build configuration list for PBXNativeTarget "Reminders (iOS)" */;
			buildPhases = (
				A65C794B2799C2AF00E9A30F /* Sources */,
				A65C794C2799C2AF00E9A30F /* Frameworks */,
				A65C794D2799C2AF00E9A30F /* Resources */,
			);
			buildRules = (
			);
			dependencies = (
			);
			name = "Reminders (iOS)";
			productName = "Reminders (iOS)";
			productReference = A65C794F2799C2AF00E9A30F /* Reminders.app */;
			productType = "com.apple.product-type.application";
		};
		A65C79542799C2AF00E9A30F /* Reminders (macOS) */ = {
			isa = PBXNativeTarget;
			buildConfigurationList = A65C79632799C2AF00E9A30F /* Build configuration list for PBXNativeTarget "Reminders (macOS)" */;
			buildPhases = (
				A65C79512799C2AF00E9A30F /* Sources */,
				A65C79522799C2AF00E9A30F /* Frameworks */,
				A65C79532799C2AF00E9A30F /* Resources */,
			);
			buildRules = (
			);
			dependencies = (
			);
			name = "Reminders (macOS)";
			productName = "Reminders (macOS)";
			productReference = A65C79552799C2AF00E9A30F /* Reminders.app */;
			productType = "com.apple.product-type.application";
		};
/* End PBXNativeTarget section */

/* Begin PBXProject section */
		A65C79432799C2A700E9A30F /* Project object */ = {
			isa = PBXProject;
			attributes = {
				BuildIndependentTargetsInParallel = 1;
				LastSwiftUpdateCheck = 1320;
				LastUpgradeCheck = 1320;
				TargetAttributes = {
					A65C794E2799C2AF00E9A30F = {
						CreatedOnToolsVersion = 13.2.1;
					};
					A65C79542799C2AF00E9A30F = {
						CreatedOnToolsVersion = 13.2.1;
					};
				};
			};
			buildConfigurationList = A65C79462799C2A700E9A30F /* Build configuration list for PBXProject "Reminders" */;
			compatibilityVersion = "Xcode 13.0";
			developmentRegion = en;
			hasScannedForEncodings = 0;
			knownRegions = (
				en,
				Base,
			);
			mainGroup = A65C79422799C2A700E9A30F;
			productRefGroup = A65C79502799C2AF00E9A30F /* Products */;
			projectDirPath = "";
			projectRoot = "";
			targets = (
				A65C794E2799C2AF00E9A30F /* Reminders (iOS) */,
				A65C79542799C2AF00E9A30F /* Reminders (macOS) */,
			);
		};
/* End PBXProject section */

/* Begin PBXResourcesBuildPhase section */
		A65C794D2799C2AF00E9A30F /* Resources */ = {
			isa = PBXResourcesBuildPhase;
			buildActionMask = 2147483647;
			files = (
				A65C795C2799C2AF00E9A30F /* Assets.xcassets in Resources */,
			);
			runOnlyForDeploymentPostprocessing = 0;
		};
		A65C79532799C2AF00E9A30F /* Resources */ = {
			isa = PBXResourcesBuildPhase;
			buildActionMask = 2147483647;
			files = (
				A65C795D2799C2AF00E9A30F /* Assets.xcassets in Resources */,
			);
			runOnlyForDeploymentPostprocessing = 0;
		};
/* End PBXResourcesBuildPhase section */

/* Begin PBXSourcesBuildPhase section */
		A65C794B2799C2AF00E9A30F /* Sources */ = {
			isa = PBXSourcesBuildPhase;
			buildActionMask = 2147483647;
			files = (
				A65C79702799C3C200E9A30F /* TaskStore.swift in Sources */,
				A65C796C2799C37B00E9A30F /* TaskPriority.swift in Sources */,
				A65C79762799C8A400E9A30F /* TaskCell.swift in Sources */,
				A65C795A2799C2AF00E9A30F /* ContentView.swift in Sources */,
				A65C79692799C32A00E9A30F /* Task.swift in Sources */,
				A65C79582799C2AF00E9A30F /* RemindersApp.swift in Sources */,
			);
			runOnlyForDeploymentPostprocessing = 0;
		};
		A65C79512799C2AF00E9A30F /* Sources */ = {
			isa = PBXSourcesBuildPhase;
			buildActionMask = 2147483647;
			files = (
				A65C79712799C3C200E9A30F /* TaskStore.swift in Sources */,
				A65C796D2799C37B00E9A30F /* TaskPriority.swift in Sources */,
				A65C79772799C8A400E9A30F /* TaskCell.swift in Sources */,
				A65C795B2799C2AF00E9A30F /* ContentView.swift in Sources */,
				A65C79592799C2AF00E9A30F /* RemindersApp.swift in Sources */,
				A65C796A2799C33F00E9A30F /* Task.swift in Sources */,
			);
			runOnlyForDeploymentPostprocessing = 0;
		};
/* End PBXSourcesBuildPhase section */

/* Begin XCBuildConfiguration section */
		A65C795E2799C2AF00E9A30F /* Debug */ = {
			isa = XCBuildConfiguration;
			buildSettings = {
				ALWAYS_SEARCH_USER_PATHS = NO;
				CLANG_ANALYZER_NONNULL = YES;
				CLANG_ANALYZER_NUMBER_OBJECT_CONVERSION = YES_AGGRESSIVE;
				CLANG_CXX_LANGUAGE_STANDARD = "gnu++17";
				CLANG_CXX_LIBRARY = "libc++";
				CLANG_ENABLE_MODULES = YES;
				CLANG_ENABLE_OBJC_ARC = YES;
				CLANG_ENABLE_OBJC_WEAK = YES;
				CLANG_WARN_BLOCK_CAPTURE_AUTORELEASING = YES;
				CLANG_WARN_BOOL_CONVERSION = YES;
				CLANG_WARN_COMMA = YES;
				CLANG_WARN_CONSTANT_CONVERSION = YES;
				CLANG_WARN_DEPRECATED_OBJC_IMPLEMENTATIONS = YES;
				CLANG_WARN_DIRECT_OBJC_ISA_USAGE = YES_ERROR;
				CLANG_WARN_DOCUMENTATION_COMMENTS = YES;
				CLANG_WARN_EMPTY_BODY = YES;
				CLANG_WARN_ENUM_CONVERSION = YES;
				CLANG_WARN_INFINITE_RECURSION = YES;
				CLANG_WARN_INT_CONVERSION = YES;
				CLANG_WARN_NON_LITERAL_NULL_CONVERSION = YES;
				CLANG_WARN_OBJC_IMPLICIT_RETAIN_SELF = YES;
				CLANG_WARN_OBJC_LITERAL_CONVERSION = YES;
				CLANG_WARN_OBJC_ROOT_CLASS = YES_ERROR;
				CLANG_WARN_QUOTED_INCLUDE_IN_FRAMEWORK_HEADER = YES;
				CLANG_WARN_RANGE_LOOP_ANALYSIS = YES;
				CLANG_WARN_STRICT_PROTOTYPES = YES;
				CLANG_WARN_SUSPICIOUS_MOVE = YES;
				CLANG_WARN_UNGUARDED_AVAILABILITY = YES_AGGRESSIVE;
				CLANG_WARN_UNREACHABLE_CODE = YES;
				CLANG_WARN__DUPLICATE_METHOD_MATCH = YES;
				COPY_PHASE_STRIP = NO;
				DEBUG_INFORMATION_FORMAT = dwarf;
				ENABLE_STRICT_OBJC_MSGSEND = YES;
				ENABLE_TESTABILITY = YES;
				GCC_C_LANGUAGE_STANDARD = gnu11;
				GCC_DYNAMIC_NO_PIC = NO;
				GCC_NO_COMMON_BLOCKS = YES;
				GCC_OPTIMIZATION_LEVEL = 0;
				GCC_PREPROCESSOR_DEFINITIONS = (
					"DEBUG=1",
					"$(inherited)",
				);
				GCC_WARN_64_TO_32_BIT_CONVERSION = YES;
				GCC_WARN_ABOUT_RETURN_TYPE = YES_ERROR;
				GCC_WARN_UNDECLARED_SELECTOR = YES;
				GCC_WARN_UNINITIALIZED_AUTOS = YES_AGGRESSIVE;
				GCC_WARN_UNUSED_FUNCTION = YES;
				GCC_WARN_UNUSED_VARIABLE = YES;
				MTL_ENABLE_DEBUG_INFO = INCLUDE_SOURCE;
				MTL_FAST_MATH = YES;
				ONLY_ACTIVE_ARCH = YES;
				SWIFT_ACTIVE_COMPILATION_CONDITIONS = DEBUG;
				SWIFT_OPTIMIZATION_LEVEL = "-Onone";
			};
			name = Debug;
		};
		A65C795F2799C2AF00E9A30F /* Release */ = {
			isa = XCBuildConfiguration;
			buildSettings = {
				ALWAYS_SEARCH_USER_PATHS = NO;
				CLANG_ANALYZER_NONNULL = YES;
				CLANG_ANALYZER_NUMBER_OBJECT_CONVERSION = YES_AGGRESSIVE;
				CLANG_CXX_LANGUAGE_STANDARD = "gnu++17";
				CLANG_CXX_LIBRARY = "libc++";
				CLANG_ENABLE_MODULES = YES;
				CLANG_ENABLE_OBJC_ARC = YES;
				CLANG_ENABLE_OBJC_WEAK = YES;
				CLANG_WARN_BLOCK_CAPTURE_AUTORELEASING = YES;
				CLANG_WARN_BOOL_CONVERSION = YES;
				CLANG_WARN_COMMA = YES;
				CLANG_WARN_CONSTANT_CONVERSION = YES;
				CLANG_WARN_DEPRECATED_OBJC_IMPLEMENTATIONS = YES;
				CLANG_WARN_DIRECT_OBJC_ISA_USAGE = YES_ERROR;
				CLANG_WARN_DOCUMENTATION_COMMENTS = YES;
				CLANG_WARN_EMPTY_BODY = YES;
				CLANG_WARN_ENUM_CONVERSION = YES;
				CLANG_WARN_INFINITE_RECURSION = YES;
				CLANG_WARN_INT_CONVERSION = YES;
				CLANG_WARN_NON_LITERAL_NULL_CONVERSION = YES;
				CLANG_WARN_OBJC_IMPLICIT_RETAIN_SELF = YES;
				CLANG_WARN_OBJC_LITERAL_CONVERSION = YES;
				CLANG_WARN_OBJC_ROOT_CLASS = YES_ERROR;
				CLANG_WARN_QUOTED_INCLUDE_IN_FRAMEWORK_HEADER = YES;
				CLANG_WARN_RANGE_LOOP_ANALYSIS = YES;
				CLANG_WARN_STRICT_PROTOTYPES = YES;
				CLANG_WARN_SUSPICIOUS_MOVE = YES;
				CLANG_WARN_UNGUARDED_AVAILABILITY = YES_AGGRESSIVE;
				CLANG_WARN_UNREACHABLE_CODE = YES;
				CLANG_WARN__DUPLICATE_METHOD_MATCH = YES;
				COPY_PHASE_STRIP = NO;
				DEBUG_INFORMATION_FORMAT = "dwarf-with-dsym";
				ENABLE_NS_ASSERTIONS = NO;
				ENABLE_STRICT_OBJC_MSGSEND = YES;
				GCC_C_LANGUAGE_STANDARD = gnu11;
				GCC_NO_COMMON_BLOCKS = YES;
				GCC_WARN_64_TO_32_BIT_CONVERSION = YES;
				GCC_WARN_ABOUT_RETURN_TYPE = YES_ERROR;
				GCC_WARN_UNDECLARED_SELECTOR = YES;
				GCC_WARN_UNINITIALIZED_AUTOS = YES_AGGRESSIVE;
				GCC_WARN_UNUSED_FUNCTION = YES;
				GCC_WARN_UNUSED_VARIABLE = YES;
				MTL_ENABLE_DEBUG_INFO = NO;
				MTL_FAST_MATH = YES;
				SWIFT_COMPILATION_MODE = wholemodule;
				SWIFT_OPTIMIZATION_LEVEL = "-O";
			};
			name = Release;
		};
		A65C79612799C2AF00E9A30F /* Debug */ = {
			isa = XCBuildConfiguration;
			buildSettings = {
				ASSETCATALOG_COMPILER_APPICON_NAME = AppIcon;
				ASSETCATALOG_COMPILER_GLOBAL_ACCENT_COLOR_NAME = AccentColor;
				CODE_SIGN_STYLE = Automatic;
				CURRENT_PROJECT_VERSION = 1;
				DEVELOPMENT_TEAM = S2D4LD8KV4;
				ENABLE_PREVIEWS = YES;
				GENERATE_INFOPLIST_FILE = YES;
				INFOPLIST_KEY_UIApplicationSceneManifest_Generation = YES;
				INFOPLIST_KEY_UIApplicationSupportsIndirectInputEvents = YES;
				INFOPLIST_KEY_UILaunchScreen_Generation = YES;
				INFOPLIST_KEY_UISupportedInterfaceOrientations_iPad = "UIInterfaceOrientationPortrait UIInterfaceOrientationPortraitUpsideDown UIInterfaceOrientationLandscapeLeft UIInterfaceOrientationLandscapeRight";
				INFOPLIST_KEY_UISupportedInterfaceOrientations_iPhone = "UIInterfaceOrientationPortrait UIInterfaceOrientationLandscapeLeft UIInterfaceOrientationLandscapeRight";
				IPHONEOS_DEPLOYMENT_TARGET = 15.2;
				LD_RUNPATH_SEARCH_PATHS = (
					"$(inherited)",
					"@executable_path/Frameworks",
				);
				MARKETING_VERSION = 1.0;
				PRODUCT_BUNDLE_IDENTIFIER = ca.bradleykang.Reminders;
				PRODUCT_NAME = Reminders;
				SDKROOT = iphoneos;
				SWIFT_EMIT_LOC_STRINGS = YES;
				SWIFT_VERSION = 5.0;
				TARGETED_DEVICE_FAMILY = "1,2";
			};
			name = Debug;
		};
		A65C79622799C2AF00E9A30F /* Release */ = {
			isa = XCBuildConfiguration;
			buildSettings = {
				ASSETCATALOG_COMPILER_APPICON_NAME = AppIcon;
				ASSETCATALOG_COMPILER_GLOBAL_ACCENT_COLOR_NAME = AccentColor;
				CODE_SIGN_STYLE = Automatic;
				CURRENT_PROJECT_VERSION = 1;
				DEVELOPMENT_TEAM = S2D4LD8KV4;
				ENABLE_PREVIEWS = YES;
				GENERATE_INFOPLIST_FILE = YES;
				INFOPLIST_KEY_UIApplicationSceneManifest_Generation = YES;
				INFOPLIST_KEY_UIApplicationSupportsIndirectInputEvents = YES;
				INFOPLIST_KEY_UILaunchScreen_Generation = YES;
				INFOPLIST_KEY_UISupportedInterfaceOrientations_iPad = "UIInterfaceOrientationPortrait UIInterfaceOrientationPortraitUpsideDown UIInterfaceOrientationLandscapeLeft UIInterfaceOrientationLandscapeRight";
				INFOPLIST_KEY_UISupportedInterfaceOrientations_iPhone = "UIInterfaceOrientationPortrait UIInterfaceOrientationLandscapeLeft UIInterfaceOrientationLandscapeRight";
				IPHONEOS_DEPLOYMENT_TARGET = 15.2;
				LD_RUNPATH_SEARCH_PATHS = (
					"$(inherited)",
					"@executable_path/Frameworks",
				);
				MARKETING_VERSION = 1.0;
				PRODUCT_BUNDLE_IDENTIFIER = ca.bradleykang.Reminders;
				PRODUCT_NAME = Reminders;
				SDKROOT = iphoneos;
				SWIFT_EMIT_LOC_STRINGS = YES;
				SWIFT_VERSION = 5.0;
				TARGETED_DEVICE_FAMILY = "1,2";
				VALIDATE_PRODUCT = YES;
			};
			name = Release;
		};
		A65C79642799C2AF00E9A30F /* Debug */ = {
			isa = XCBuildConfiguration;
			buildSettings = {
				ASSETCATALOG_COMPILER_APPICON_NAME = AppIcon;
				ASSETCATALOG_COMPILER_GLOBAL_ACCENT_COLOR_NAME = AccentColor;
				CODE_SIGN_ENTITLEMENTS = macOS/macOS.entitlements;
				CODE_SIGN_STYLE = Automatic;
				COMBINE_HIDPI_IMAGES = YES;
				CURRENT_PROJECT_VERSION = 1;
				DEVELOPMENT_TEAM = S2D4LD8KV4;
				ENABLE_HARDENED_RUNTIME = YES;
				ENABLE_PREVIEWS = YES;
				GENERATE_INFOPLIST_FILE = YES;
				INFOPLIST_KEY_NSHumanReadableCopyright = "";
				LD_RUNPATH_SEARCH_PATHS = (
					"$(inherited)",
					"@executable_path/../Frameworks",
				);
				MACOSX_DEPLOYMENT_TARGET = 12.1;
				MARKETING_VERSION = 1.0;
				PRODUCT_BUNDLE_IDENTIFIER = ca.bradleykang.Reminders;
				PRODUCT_NAME = Reminders;
				SDKROOT = macosx;
				SWIFT_EMIT_LOC_STRINGS = YES;
				SWIFT_VERSION = 5.0;
			};
			name = Debug;
		};
		A65C79652799C2AF00E9A30F /* Release */ = {
			isa = XCBuildConfiguration;
			buildSettings = {
				ASSETCATALOG_COMPILER_APPICON_NAME = AppIcon;
				ASSETCATALOG_COMPILER_GLOBAL_ACCENT_COLOR_NAME = AccentColor;
				CODE_SIGN_ENTITLEMENTS = macOS/macOS.entitlements;
				CODE_SIGN_STYLE = Automatic;
				COMBINE_HIDPI_IMAGES = YES;
				CURRENT_PROJECT_VERSION = 1;
				DEVELOPMENT_TEAM = S2D4LD8KV4;
				ENABLE_HARDENED_RUNTIME = YES;
				ENABLE_PREVIEWS = YES;
				GENERATE_INFOPLIST_FILE = YES;
				INFOPLIST_KEY_NSHumanReadableCopyright = "";
				LD_RUNPATH_SEARCH_PATHS = (
					"$(inherited)",
					"@executable_path/../Frameworks",
				);
				MACOSX_DEPLOYMENT_TARGET = 12.1;
				MARKETING_VERSION = 1.0;
				PRODUCT_BUNDLE_IDENTIFIER = ca.bradleykang.Reminders;
				PRODUCT_NAME = Reminders;
				SDKROOT = macosx;
				SWIFT_EMIT_LOC_STRINGS = YES;
				SWIFT_VERSION = 5.0;
			};
			name = Release;
		};
/* End XCBuildConfiguration section */

/* Begin XCConfigurationList section */
		A65C79462799C2A700E9A30F /* Build configuration list for PBXProject "Reminders" */ = {
			isa = XCConfigurationList;
			buildConfigurations = (
				A65C795E2799C2AF00E9A30F /* Debug */,
				A65C795F2799C2AF00E9A30F /* Release */,
			);
			defaultConfigurationIsVisible = 0;
			defaultConfigurationName = Release;
		};
		A65C79602799C2AF00E9A30F /* Build configuration list for PBXNativeTarget "Reminders (iOS)" */ = {
			isa = XCConfigurationList;
			buildConfigurations = (
				A65C79612799C2AF00E9A30F /* Debug */,
				A65C79622799C2AF00E9A30F /* Release */,
			);
			defaultConfigurationIsVisible = 0;
			defaultConfigurationName = Release;
		};
		A65C79632799C2AF00E9A30F /* Build configuration list for PBXNativeTarget "Reminders (macOS)" */ = {
			isa = XCConfigurationList;
			buildConfigurations = (
				A65C79642799C2AF00E9A30F /* Debug */,
				A65C79652799C2AF00E9A30F /* Release */,
			);
			defaultConfigurationIsVisible = 0;
			defaultConfigurationName = Release;
		};
/* End XCConfigurationList section */
	};
	rootObject = A65C79432799C2A700E9A30F /* Project object */;
}
